// !$*UTF8*$!
{
	archiveVersion = 1;
	classes = {
	};
	objectVersion = 50;
	objects = {

/* Begin PBXBuildFile section */
		6814C23725BECDC600E12364 /* YelpDemoApp.swift in Sources */ = {isa = PBXBuildFile; fileRef = 6814C23625BECDC600E12364 /* YelpDemoApp.swift */; };
		6814C23925BECDC600E12364 /* ContentView.swift in Sources */ = {isa = PBXBuildFile; fileRef = 6814C23825BECDC600E12364 /* ContentView.swift */; };
		6814C23B25BECDC900E12364 /* Assets.xcassets in Resources */ = {isa = PBXBuildFile; fileRef = 6814C23A25BECDC900E12364 /* Assets.xcassets */; };
		6814C23E25BECDC900E12364 /* Preview Assets.xcassets in Resources */ = {isa = PBXBuildFile; fileRef = 6814C23D25BECDC900E12364 /* Preview Assets.xcassets */; };
		6814C24925BECDC900E12364 /* YelpDemoTests.swift in Sources */ = {isa = PBXBuildFile; fileRef = 6814C24825BECDC900E12364 /* YelpDemoTests.swift */; };
		6814C25425BECDC900E12364 /* YelpDemoUITests.swift in Sources */ = {isa = PBXBuildFile; fileRef = 6814C25325BECDC900E12364 /* YelpDemoUITests.swift */; };
/* End PBXBuildFile section */

/* Begin PBXContainerItemProxy section */
		6814C24525BECDC900E12364 /* PBXContainerItemProxy */ = {
			isa = PBXContainerItemProxy;
			containerPortal = 6814C22B25BECDC600E12364 /* Project object */;
			proxyType = 1;
			remoteGlobalIDString = 6814C23225BECDC600E12364;
			remoteInfo = YelpDemo;
		};
		6814C25025BECDC900E12364 /* PBXContainerItemProxy */ = {
			isa = PBXContainerItemProxy;
			containerPortal = 6814C22B25BECDC600E12364 /* Project object */;
			proxyType = 1;
			remoteGlobalIDString = 6814C23225BECDC600E12364;
			remoteInfo = YelpDemo;
		};
/* End PBXContainerItemProxy section */

/* Begin PBXFileReference section */
		6814C23325BECDC600E12364 /* YelpDemo.app */ = {isa = PBXFileReference; explicitFileType = wrapper.application; includeInIndex = 0; path = YelpDemo.app; sourceTree = BUILT_PRODUCTS_DIR; };
		6814C23625BECDC600E12364 /* YelpDemoApp.swift */ = {isa = PBXFileReference; lastKnownFileType = sourcecode.swift; path = YelpDemoApp.swift; sourceTree = "<group>"; };
		6814C23825BECDC600E12364 /* ContentView.swift */ = {isa = PBXFileReference; lastKnownFileType = sourcecode.swift; path = ContentView.swift; sourceTree = "<group>"; };
		6814C23A25BECDC900E12364 /* Assets.xcassets */ = {isa = PBXFileReference; lastKnownFileType = folder.assetcatalog; path = Assets.xcassets; sourceTree = "<group>"; };
		6814C23D25BECDC900E12364 /* Preview Assets.xcassets */ = {isa = PBXFileReference; lastKnownFileType = folder.assetcatalog; path = "Preview Assets.xcassets"; sourceTree = "<group>"; };
		6814C23F25BECDC900E12364 /* Info.plist */ = {isa = PBXFileReference; lastKnownFileType = text.plist.xml; path = Info.plist; sourceTree = "<group>"; };
		6814C24425BECDC900E12364 /* YelpDemoTests.xctest */ = {isa = PBXFileReference; explicitFileType = wrapper.cfbundle; includeInIndex = 0; path = YelpDemoTests.xctest; sourceTree = BUILT_PRODUCTS_DIR; };
		6814C24825BECDC900E12364 /* YelpDemoTests.swift */ = {isa = PBXFileReference; lastKnownFileType = sourcecode.swift; path = YelpDemoTests.swift; sourceTree = "<group>"; };
		6814C24A25BECDC900E12364 /* Info.plist */ = {isa = PBXFileReference; lastKnownFileType = text.plist.xml; path = Info.plist; sourceTree = "<group>"; };
		6814C24F25BECDC900E12364 /* YelpDemoUITests.xctest */ = {isa = PBXFileReference; explicitFileType = wrapper.cfbundle; includeInIndex = 0; path = YelpDemoUITests.xctest; sourceTree = BUILT_PRODUCTS_DIR; };
		6814C25325BECDC900E12364 /* YelpDemoUITests.swift */ = {isa = PBXFileReference; lastKnownFileType = sourcecode.swift; path = YelpDemoUITests.swift; sourceTree = "<group>"; };
		6814C25525BECDC900E12364 /* Info.plist */ = {isa = PBXFileReference; lastKnownFileType = text.plist.xml; path = Info.plist; sourceTree = "<group>"; };
/* End PBXFileReference section */

/* Begin PBXFrameworksBuildPhase section */
		6814C23025BECDC600E12364 /* Frameworks */ = {
			isa = PBXFrameworksBuildPhase;
			buildActionMask = 2147483647;
			files = (
			);
			runOnlyForDeploymentPostprocessing = 0;
		};
		6814C24125BECDC900E12364 /* Frameworks */ = {
			isa = PBXFrameworksBuildPhase;
			buildActionMask = 2147483647;
			files = (
			);
			runOnlyForDeploymentPostprocessing = 0;
		};
		6814C24C25BECDC900E12364 /* Frameworks */ = {
			isa = PBXFrameworksBuildPhase;
			buildActionMask = 2147483647;
			files = (
			);
			runOnlyForDeploymentPostprocessing = 0;
		};
/* End PBXFrameworksBuildPhase section */

/* Begin PBXGroup section */
		6814C22A25BECDC600E12364 = {
			isa = PBXGroup;
			children = (
				6814C23525BECDC600E12364 /* YelpDemo */,
				6814C24725BECDC900E12364 /* YelpDemoTests */,
				6814C25225BECDC900E12364 /* YelpDemoUITests */,
				6814C23425BECDC600E12364 /* Products */,
			);
			sourceTree = "<group>";
		};
		6814C23425BECDC600E12364 /* Products */ = {
			isa = PBXGroup;
			children = (
				6814C23325BECDC600E12364 /* YelpDemo.app */,
				6814C24425BECDC900E12364 /* YelpDemoTests.xctest */,
				6814C24F25BECDC900E12364 /* YelpDemoUITests.xctest */,
			);
			name = Products;
			sourceTree = "<group>";
		};
		6814C23525BECDC600E12364 /* YelpDemo */ = {
			isa = PBXGroup;
			children = (
				6814C23625BECDC600E12364 /* YelpDemoApp.swift */,
				6814C23825BECDC600E12364 /* ContentView.swift */,
				6814C23A25BECDC900E12364 /* Assets.xcassets */,
				6814C23F25BECDC900E12364 /* Info.plist */,
				6814C23C25BECDC900E12364 /* Preview Content */,
			);
			path = YelpDemo;
			sourceTree = "<group>";
		};
		6814C23C25BECDC900E12364 /* Preview Content */ = {
			isa = PBXGroup;
			children = (
				6814C23D25BECDC900E12364 /* Preview Assets.xcassets */,
			);
			path = "Preview Content";
			sourceTree = "<group>";
		};
		6814C24725BECDC900E12364 /* YelpDemoTests */ = {
			isa = PBXGroup;
			children = (
				6814C24825BECDC900E12364 /* YelpDemoTests.swift */,
				6814C24A25BECDC900E12364 /* Info.plist */,
			);
			path = YelpDemoTests;
			sourceTree = "<group>";
		};
		6814C25225BECDC900E12364 /* YelpDemoUITests */ = {
			isa = PBXGroup;
			children = (
				6814C25325BECDC900E12364 /* YelpDemoUITests.swift */,
				6814C25525BECDC900E12364 /* Info.plist */,
			);
			path = YelpDemoUITests;
			sourceTree = "<group>";
		};
/* End PBXGroup section */

/* Begin PBXNativeTarget section */
		6814C23225BECDC600E12364 /* YelpDemo */ = {
			isa = PBXNativeTarget;
			buildConfigurationList = 6814C25825BECDC900E12364 /* Build configuration list for PBXNativeTarget "YelpDemo" */;
			buildPhases = (
				6814C22F25BECDC600E12364 /* Sources */,
				6814C23025BECDC600E12364 /* Frameworks */,
				6814C23125BECDC600E12364 /* Resources */,
			);
			buildRules = (
			);
			dependencies = (
			);
			name = YelpDemo;
			productName = YelpDemo;
			productReference = 6814C23325BECDC600E12364 /* YelpDemo.app */;
			productType = "com.apple.product-type.application";
		};
		6814C24325BECDC900E12364 /* YelpDemoTests */ = {
			isa = PBXNativeTarget;
			buildConfigurationList = 6814C25B25BECDC900E12364 /* Build configuration list for PBXNativeTarget "YelpDemoTests" */;
			buildPhases = (
				6814C24025BECDC900E12364 /* Sources */,
				6814C24125BECDC900E12364 /* Frameworks */,
				6814C24225BECDC900E12364 /* Resources */,
			);
			buildRules = (
			);
			dependencies = (
				6814C24625BECDC900E12364 /* PBXTargetDependency */,
			);
			name = YelpDemoTests;
			productName = YelpDemoTests;
			productReference = 6814C24425BECDC900E12364 /* YelpDemoTests.xctest */;
			productType = "com.apple.product-type.bundle.unit-test";
		};
		6814C24E25BECDC900E12364 /* YelpDemoUITests */ = {
			isa = PBXNativeTarget;
			buildConfigurationList = 6814C25E25BECDC900E12364 /* Build configuration list for PBXNativeTarget "YelpDemoUITests" */;
			buildPhases = (
				6814C24B25BECDC900E12364 /* Sources */,
				6814C24C25BECDC900E12364 /* Frameworks */,
				6814C24D25BECDC900E12364 /* Resources */,
			);
			buildRules = (
			);
			dependencies = (
				6814C25125BECDC900E12364 /* PBXTargetDependency */,
			);
			name = YelpDemoUITests;
			productName = YelpDemoUITests;
			productReference = 6814C24F25BECDC900E12364 /* YelpDemoUITests.xctest */;
			productType = "com.apple.product-type.bundle.ui-testing";
		};
/* End PBXNativeTarget section */

/* Begin PBXProject section */
		6814C22B25BECDC600E12364 /* Project object */ = {
			isa = PBXProject;
			attributes = {
				LastSwiftUpdateCheck = 1230;
				LastUpgradeCheck = 1230;
				TargetAttributes = {
					6814C23225BECDC600E12364 = {
						CreatedOnToolsVersion = 12.3;
					};
					6814C24325BECDC900E12364 = {
						CreatedOnToolsVersion = 12.3;
						TestTargetID = 6814C23225BECDC600E12364;
					};
					6814C24E25BECDC900E12364 = {
						CreatedOnToolsVersion = 12.3;
						TestTargetID = 6814C23225BECDC600E12364;
					};
				};
			};
			buildConfigurationList = 6814C22E25BECDC600E12364 /* Build configuration list for PBXProject "YelpDemo" */;
			compatibilityVersion = "Xcode 9.3";
			developmentRegion = en;
			hasScannedForEncodings = 0;
			knownRegions = (
				en,
				Base,
			);
			mainGroup = 6814C22A25BECDC600E12364;
			productRefGroup = 6814C23425BECDC600E12364 /* Products */;
			projectDirPath = "";
			projectRoot = "";
			targets = (
				6814C23225BECDC600E12364 /* YelpDemo */,
				6814C24325BECDC900E12364 /* YelpDemoTests */,
				6814C24E25BECDC900E12364 /* YelpDemoUITests */,
			);
		};
/* End PBXProject section */

/* Begin PBXResourcesBuildPhase section */
		6814C23125BECDC600E12364 /* Resources */ = {
			isa = PBXResourcesBuildPhase;
			buildActionMask = 2147483647;
			files = (
				6814C23E25BECDC900E12364 /* Preview Assets.xcassets in Resources */,
				6814C23B25BECDC900E12364 /* Assets.xcassets in Resources */,
			);
			runOnlyForDeploymentPostprocessing = 0;
		};
		6814C24225BECDC900E12364 /* Resources */ = {
			isa = PBXResourcesBuildPhase;
			buildActionMask = 2147483647;
			files = (
			);
			runOnlyForDeploymentPostprocessing = 0;
		};
		6814C24D25BECDC900E12364 /* Resources */ = {
			isa = PBXResourcesBuildPhase;
			buildActionMask = 2147483647;
			files = (
			);
			runOnlyForDeploymentPostprocessing = 0;
		};
/* End PBXResourcesBuildPhase section */

/* Begin PBXSourcesBuildPhase section */
		6814C22F25BECDC600E12364 /* Sources */ = {
			isa = PBXSourcesBuildPhase;
			buildActionMask = 2147483647;
			files = (
				6814C23925BECDC600E12364 /* ContentView.swift in Sources */,
				6814C23725BECDC600E12364 /* YelpDemoApp.swift in Sources */,
			);
			runOnlyForDeploymentPostprocessing = 0;
		};
		6814C24025BECDC900E12364 /* Sources */ = {
			isa = PBXSourcesBuildPhase;
			buildActionMask = 2147483647;
			files = (
				6814C24925BECDC900E12364 /* YelpDemoTests.swift in Sources */,
			);
			runOnlyForDeploymentPostprocessing = 0;
		};
		6814C24B25BECDC900E12364 /* Sources */ = {
			isa = PBXSourcesBuildPhase;
			buildActionMask = 2147483647;
			files = (
				6814C25425BECDC900E12364 /* YelpDemoUITests.swift in Sources */,
			);
			runOnlyForDeploymentPostprocessing = 0;
		};
/* End PBXSourcesBuildPhase section */

/* Begin PBXTargetDependency section */
		6814C24625BECDC900E12364 /* PBXTargetDependency */ = {
			isa = PBXTargetDependency;
			target = 6814C23225BECDC600E12364 /* YelpDemo */;
			targetProxy = 6814C24525BECDC900E12364 /* PBXContainerItemProxy */;
		};
		6814C25125BECDC900E12364 /* PBXTargetDependency */ = {
			isa = PBXTargetDependency;
			target = 6814C23225BECDC600E12364 /* YelpDemo */;
			targetProxy = 6814C25025BECDC900E12364 /* PBXContainerItemProxy */;
		};
/* End PBXTargetDependency section */

/* Begin XCBuildConfiguration section */
		6814C25625BECDC900E12364 /* Debug */ = {
			isa = XCBuildConfiguration;
			buildSettings = {
				ALWAYS_SEARCH_USER_PATHS = NO;
				CLANG_ANALYZER_NONNULL = YES;
				CLANG_ANALYZER_NUMBER_OBJECT_CONVERSION = YES_AGGRESSIVE;
				CLANG_CXX_LANGUAGE_STANDARD = "gnu++14";
				CLANG_CXX_LIBRARY = "libc++";
				CLANG_ENABLE_MODULES = YES;
				CLANG_ENABLE_OBJC_ARC = YES;
				CLANG_ENABLE_OBJC_WEAK = YES;
				CLANG_WARN_BLOCK_CAPTURE_AUTORELEASING = YES;
				CLANG_WARN_BOOL_CONVERSION = YES;
				CLANG_WARN_COMMA = YES;
				CLANG_WARN_CONSTANT_CONVERSION = YES;
				CLANG_WARN_DEPRECATED_OBJC_IMPLEMENTATIONS = YES;
				CLANG_WARN_DIRECT_OBJC_ISA_USAGE = YES_ERROR;
				CLANG_WARN_DOCUMENTATION_COMMENTS = YES;
				CLANG_WARN_EMPTY_BODY = YES;
				CLANG_WARN_ENUM_CONVERSION = YES;
				CLANG_WARN_INFINITE_RECURSION = YES;
				CLANG_WARN_INT_CONVERSION = YES;
				CLANG_WARN_NON_LITERAL_NULL_CONVERSION = YES;
				CLANG_WARN_OBJC_IMPLICIT_RETAIN_SELF = YES;
				CLANG_WARN_OBJC_LITERAL_CONVERSION = YES;
				CLANG_WARN_OBJC_ROOT_CLASS = YES_ERROR;
				CLANG_WARN_QUOTED_INCLUDE_IN_FRAMEWORK_HEADER = YES;
				CLANG_WARN_RANGE_LOOP_ANALYSIS = YES;
				CLANG_WARN_STRICT_PROTOTYPES = YES;
				CLANG_WARN_SUSPICIOUS_MOVE = YES;
				CLANG_WARN_UNGUARDED_AVAILABILITY = YES_AGGRESSIVE;
				CLANG_WARN_UNREACHABLE_CODE = YES;
				CLANG_WARN__DUPLICATE_METHOD_MATCH = YES;
				COPY_PHASE_STRIP = NO;
				DEBUG_INFORMATION_FORMAT = dwarf;
				ENABLE_STRICT_OBJC_MSGSEND = YES;
				ENABLE_TESTABILITY = YES;
				GCC_C_LANGUAGE_STANDARD = gnu11;
				GCC_DYNAMIC_NO_PIC = NO;
				GCC_NO_COMMON_BLOCKS = YES;
				GCC_OPTIMIZATION_LEVEL = 0;
				GCC_PREPROCESSOR_DEFINITIONS = (
					"DEBUG=1",
					"$(inherited)",
				);
				GCC_WARN_64_TO_32_BIT_CONVERSION = YES;
				GCC_WARN_ABOUT_RETURN_TYPE = YES_ERROR;
				GCC_WARN_UNDECLARED_SELECTOR = YES;
				GCC_WARN_UNINITIALIZED_AUTOS = YES_AGGRESSIVE;
				GCC_WARN_UNUSED_FUNCTION = YES;
				GCC_WARN_UNUSED_VARIABLE = YES;
				IPHONEOS_DEPLOYMENT_TARGET = 14.3;
				MTL_ENABLE_DEBUG_INFO = INCLUDE_SOURCE;
				MTL_FAST_MATH = YES;
				ONLY_ACTIVE_ARCH = YES;
				SDKROOT = iphoneos;
				SWIFT_ACTIVE_COMPILATION_CONDITIONS = DEBUG;
				SWIFT_OPTIMIZATION_LEVEL = "-Onone";
			};
			name = Debug;
		};
		6814C25725BECDC900E12364 /* Release */ = {
			isa = XCBuildConfiguration;
			buildSettings = {
				ALWAYS_SEARCH_USER_PATHS = NO;
				CLANG_ANALYZER_NONNULL = YES;
				CLANG_ANALYZER_NUMBER_OBJECT_CONVERSION = YES_AGGRESSIVE;
				CLANG_CXX_LANGUAGE_STANDARD = "gnu++14";
				CLANG_CXX_LIBRARY = "libc++";
				CLANG_ENABLE_MODULES = YES;
				CLANG_ENABLE_OBJC_ARC = YES;
				CLANG_ENABLE_OBJC_WEAK = YES;
				CLANG_WARN_BLOCK_CAPTURE_AUTORELEASING = YES;
				CLANG_WARN_BOOL_CONVERSION = YES;
				CLANG_WARN_COMMA = YES;
				CLANG_WARN_CONSTANT_CONVERSION = YES;
				CLANG_WARN_DEPRECATED_OBJC_IMPLEMENTATIONS = YES;
				CLANG_WARN_DIRECT_OBJC_ISA_USAGE = YES_ERROR;
				CLANG_WARN_DOCUMENTATION_COMMENTS = YES;
				CLANG_WARN_EMPTY_BODY = YES;
				CLANG_WARN_ENUM_CONVERSION = YES;
				CLANG_WARN_INFINITE_RECURSION = YES;
				CLANG_WARN_INT_CONVERSION = YES;
				CLANG_WARN_NON_LITERAL_NULL_CONVERSION = YES;
				CLANG_WARN_OBJC_IMPLICIT_RETAIN_SELF = YES;
				CLANG_WARN_OBJC_LITERAL_CONVERSION = YES;
				CLANG_WARN_OBJC_ROOT_CLASS = YES_ERROR;
				CLANG_WARN_QUOTED_INCLUDE_IN_FRAMEWORK_HEADER = YES;
				CLANG_WARN_RANGE_LOOP_ANALYSIS = YES;
				CLANG_WARN_STRICT_PROTOTYPES = YES;
				CLANG_WARN_SUSPICIOUS_MOVE = YES;
				CLANG_WARN_UNGUARDED_AVAILABILITY = YES_AGGRESSIVE;
				CLANG_WARN_UNREACHABLE_CODE = YES;
				CLANG_WARN__DUPLICATE_METHOD_MATCH = YES;
				COPY_PHASE_STRIP = NO;
				DEBUG_INFORMATION_FORMAT = "dwarf-with-dsym";
				ENABLE_NS_ASSERTIONS = NO;
				ENABLE_STRICT_OBJC_MSGSEND = YES;
				GCC_C_LANGUAGE_STANDARD = gnu11;
				GCC_NO_COMMON_BLOCKS = YES;
				GCC_WARN_64_TO_32_BIT_CONVERSION = YES;
				GCC_WARN_ABOUT_RETURN_TYPE = YES_ERROR;
				GCC_WARN_UNDECLARED_SELECTOR = YES;
				GCC_WARN_UNINITIALIZED_AUTOS = YES_AGGRESSIVE;
				GCC_WARN_UNUSED_FUNCTION = YES;
				GCC_WARN_UNUSED_VARIABLE = YES;
				IPHONEOS_DEPLOYMENT_TARGET = 14.3;
				MTL_ENABLE_DEBUG_INFO = NO;
				MTL_FAST_MATH = YES;
				SDKROOT = iphoneos;
				SWIFT_COMPILATION_MODE = wholemodule;
				SWIFT_OPTIMIZATION_LEVEL = "-O";
				VALIDATE_PRODUCT = YES;
			};
			name = Release;
		};
		6814C25925BECDC900E12364 /* Debug */ = {
			isa = XCBuildConfiguration;
			buildSettings = {
				ASSETCATALOG_COMPILER_APPICON_NAME = AppIcon;
				ASSETCATALOG_COMPILER_GLOBAL_ACCENT_COLOR_NAME = AccentColor;
				CODE_SIGN_STYLE = Automatic;
				DEVELOPMENT_ASSET_PATHS = "\"YelpDemo/Preview Content\"";
				DEVELOPMENT_TEAM = C75PGN37V8;
				ENABLE_PREVIEWS = YES;
				INFOPLIST_FILE = YelpDemo/Info.plist;
				IPHONEOS_DEPLOYMENT_TARGET = 14.0;
				LD_RUNPATH_SEARCH_PATHS = (
					"$(inherited)",
					"@executable_path/Frameworks",
				);
				PRODUCT_BUNDLE_IDENTIFIER = ran.YelpDemo;
				PRODUCT_NAME = "$(TARGET_NAME)";
				SWIFT_VERSION = 5.0;
				TARGETED_DEVICE_FAMILY = "1,2";
			};
			name = Debug;
		};
		6814C25A25BECDC900E12364 /* Release */ = {
			isa = XCBuildConfiguration;
			buildSettings = {
				ASSETCATALOG_COMPILER_APPICON_NAME = AppIcon;
				ASSETCATALOG_COMPILER_GLOBAL_ACCENT_COLOR_NAME = AccentColor;
				CODE_SIGN_STYLE = Automatic;
				DEVELOPMENT_ASSET_PATHS = "\"YelpDemo/Preview Content\"";
				DEVELOPMENT_TEAM = C75PGN37V8;
				ENABLE_PREVIEWS = YES;
				INFOPLIST_FILE = YelpDemo/Info.plist;
				IPHONEOS_DEPLOYMENT_TARGET = 14.0;
				LD_RUNPATH_SEARCH_PATHS = (
					"$(inherited)",
					"@executable_path/Frameworks",
				);
				PRODUCT_BUNDLE_IDENTIFIER = ran.YelpDemo;
				PRODUCT_NAME = "$(TARGET_NAME)";
				SWIFT_VERSION = 5.0;
				TARGETED_DEVICE_FAMILY = "1,2";
			};
			name = Release;
		};
		6814C25C25BECDC900E12364 /* Debug */ = {
			isa = XCBuildConfiguration;
			buildSettings = {
				ALWAYS_EMBED_SWIFT_STANDARD_LIBRARIES = YES;
				BUNDLE_LOADER = "$(TEST_HOST)";
				CODE_SIGN_STYLE = Automatic;
				DEVELOPMENT_TEAM = C75PGN37V8;
				INFOPLIST_FILE = YelpDemoTests/Info.plist;
				IPHONEOS_DEPLOYMENT_TARGET = 14.0;
				LD_RUNPATH_SEARCH_PATHS = (
					"$(inherited)",
					"@executable_path/Frameworks",
					"@loader_path/Frameworks",
				);
				PRODUCT_BUNDLE_IDENTIFIER = ran.YelpDemoTests;
				PRODUCT_NAME = "$(TARGET_NAME)";
				SWIFT_VERSION = 5.0;
				TARGETED_DEVICE_FAMILY = "1,2";
				TEST_HOST = "$(BUILT_PRODUCTS_DIR)/YelpDemo.app/YelpDemo";
			};
			name = Debug;
		};
		6814C25D25BECDC900E12364 /* Release */ = {
			isa = XCBuildConfiguration;
			buildSettings = {
				ALWAYS_EMBED_SWIFT_STANDARD_LIBRARIES = YES;
				BUNDLE_LOADER = "$(TEST_HOST)";
				CODE_SIGN_STYLE = Automatic;
				DEVELOPMENT_TEAM = C75PGN37V8;
				INFOPLIST_FILE = YelpDemoTests/Info.plist;
				IPHONEOS_DEPLOYMENT_TARGET = 14.0;
				LD_RUNPATH_SEARCH_PATHS = (
					"$(inherited)",
					"@executable_path/Frameworks",
					"@loader_path/Frameworks",
				);
				PRODUCT_BUNDLE_IDENTIFIER = ran.YelpDemoTests;
				PRODUCT_NAME = "$(TARGET_NAME)";
				SWIFT_VERSION = 5.0;
				TARGETED_DEVICE_FAMILY = "1,2";
				TEST_HOST = "$(BUILT_PRODUCTS_DIR)/YelpDemo.app/YelpDemo";
			};
			name = Release;
		};
		6814C25F25BECDC900E12364 /* Debug */ = {
			isa = XCBuildConfiguration;
			buildSettings = {
				ALWAYS_EMBED_SWIFT_STANDARD_LIBRARIES = YES;
				CODE_SIGN_STYLE = Automatic;
				DEVELOPMENT_TEAM = C75PGN37V8;
				INFOPLIST_FILE = YelpDemoUITests/Info.plist;
				LD_RUNPATH_SEARCH_PATHS = (
					"$(inherited)",
					"@executable_path/Frameworks",
					"@loader_path/Frameworks",
				);
				PRODUCT_BUNDLE_IDENTIFIER = ran.YelpDemoUITests;
				PRODUCT_NAME = "$(TARGET_NAME)";
				SWIFT_VERSION = 5.0;
				TARGETED_DEVICE_FAMILY = "1,2";
				TEST_TARGET_NAME = YelpDemo;
			};
			name = Debug;
		};
		6814C26025BECDC900E12364 /* Release */ = {
			isa = XCBuildConfiguration;
			buildSettings = {
				ALWAYS_EMBED_SWIFT_STANDARD_LIBRARIES = YES;
				CODE_SIGN_STYLE = Automatic;
				DEVELOPMENT_TEAM = C75PGN37V8;
				INFOPLIST_FILE = YelpDemoUITests/Info.plist;
				LD_RUNPATH_SEARCH_PATHS = (
					"$(inherited)",
					"@executable_path/Frameworks",
					"@loader_path/Frameworks",
				);
				PRODUCT_BUNDLE_IDENTIFIER = ran.YelpDemoUITests;
				PRODUCT_NAME = "$(TARGET_NAME)";
				SWIFT_VERSION = 5.0;
				TARGETED_DEVICE_FAMILY = "1,2";
				TEST_TARGET_NAME = YelpDemo;
			};
			name = Release;
		};
/* End XCBuildConfiguration section */

/* Begin XCConfigurationList section */
		6814C22E25BECDC600E12364 /* Build configuration list for PBXProject "YelpDemo" */ = {
			isa = XCConfigurationList;
			buildConfigurations = (
				6814C25625BECDC900E12364 /* Debug */,
				6814C25725BECDC900E12364 /* Release */,
			);
			defaultConfigurationIsVisible = 0;
			defaultConfigurationName = Release;
		};
		6814C25825BECDC900E12364 /* Build configuration list for PBXNativeTarget "YelpDemo" */ = {
			isa = XCConfigurationList;
			buildConfigurations = (
				6814C25925BECDC900E12364 /* Debug */,
				6814C25A25BECDC900E12364 /* Release */,
			);
			defaultConfigurationIsVisible = 0;
			defaultConfigurationName = Release;
		};
		6814C25B25BECDC900E12364 /* Build configuration list for PBXNativeTarget "YelpDemoTests" */ = {
			isa = XCConfigurationList;
			buildConfigurations = (
				6814C25C25BECDC900E12364 /* Debug */,
				6814C25D25BECDC900E12364 /* Release */,
			);
			defaultConfigurationIsVisible = 0;
			defaultConfigurationName = Release;
		};
		6814C25E25BECDC900E12364 /* Build configuration list for PBXNativeTarget "YelpDemoUITests" */ = {
			isa = XCConfigurationList;
			buildConfigurations = (
				6814C25F25BECDC900E12364 /* Debug */,
				6814C26025BECDC900E12364 /* Release */,
			);
			defaultConfigurationIsVisible = 0;
			defaultConfigurationName = Release;
		};
/* End XCConfigurationList section */
	};
	rootObject = 6814C22B25BECDC600E12364 /* Project object */;
}
